{
  "requires": true,
  "lockfileVersion": 1,
  "dependencies": {
    "babel-runtime": {
      "version": "6.26.0",
      "resolved": "https://registry.npmjs.org/babel-runtime/-/babel-runtime-6.26.0.tgz",
      "integrity": "sha1-llxwWGaOgrVde/4E/yM3vItWR/4=",
      "requires": {
        "core-js": "^2.4.0",
        "regenerator-runtime": "^0.11.0"
      }
    },
    "core-js": {
      "version": "2.6.6",
      "resolved": "https://registry.npmjs.org/core-js/-/core-js-2.6.6.tgz",
      "integrity": "sha512-Mt/LaAym54NXnrjEMdo918cT2h70tqb/Yl7T3uPHQHRm5SxVoqlKmerUy4mL11k8saSBDWQ7ULIHxmeFyT3pfg=="
    },
    "date-fns": {
      "version": "2.0.0-alpha.27",
      "resolved": "https://registry.npmjs.org/date-fns/-/date-fns-2.0.0-alpha.27.tgz",
      "integrity": "sha512-cqfVLS+346P/Mpj2RpDrBv0P4p2zZhWWvfY5fuWrXNR/K38HaAGEkeOwb47hIpQP9Jr/TIxjZ2/sNMQwdXuGMg=="
    },
    "diacriticless": {
      "version": "1.0.1",
      "resolved": "https://registry.npmjs.org/diacriticless/-/diacriticless-1.0.1.tgz",
      "integrity": "sha1-592peMKRlgm7SK7h78XeajN71MM="
    },
    "lodash.clone": {
      "version": "4.5.0",
      "resolved": "https://registry.npmjs.org/lodash.clone/-/lodash.clone-4.5.0.tgz",
      "integrity": "sha1-GVhwRQ9aExkkeN9Lw9I9LeoZB7Y="
    },
    "lodash.foreach": {
      "version": "4.5.0",
      "resolved": "https://registry.npmjs.org/lodash.foreach/-/lodash.foreach-4.5.0.tgz",
      "integrity": "sha1-Gmo16s5AEoDH8G3d7DUWWrJ+PlM="
    },
    "regenerator-runtime": {
      "version": "0.11.1",
      "resolved": "https://registry.npmjs.org/regenerator-runtime/-/regenerator-runtime-0.11.1.tgz",
      "integrity": "sha512-MguG95oij0fC3QV3URf4V2SDYGJhJnJGqvIIgdECeODCT98wSWDAJ94SSuVpYQUoTcGUIL6L4yNB7j1DFFHSBg=="
    },
    "vue-good-table": {
      "version": "1.21.0",
      "resolved": "https://registry.npmjs.org/vue-good-table/-/vue-good-table-1.21.0.tgz",
      "integrity": "sha512-HQOpSBZ+BMcvZuXXfRlfP+q9AefHfMqk01eNEkLQRKTndRu0r9WZTO5nioB8ZDL4nbCel4CNQ9/vOUz7VTiUVQ==",
      "requires": {
        "babel-runtime": "^6.26.0",
        "date-fns": "^2.0.0-alpha.7",
        "diacriticless": "1.0.1",
        "lodash.clone": "^4.5.0",
        "lodash.foreach": "^4.5.0"
      }
    }
  }
}
